
Microsoft Visual Studio Solution File, Format Version 12.00
# Visual Studio Version 17
VisualStudioVersion = 17.6.33723.286
MinimumVisualStudioVersion = 10.0.40219.1
Project("{9A19103F-16F7-4668-BE54-9A1E7A4F7556}") = "Library.BLL", "Library.BLL\Library.BLL.csproj", "{298D17A2-5B30-4961-BAC0-5C42D7CE9822}"
EndProject
Project("{9A19103F-16F7-4668-BE54-9A1E7A4F7556}") = "Library.DAL", "Library.DAL\Library.DAL.csproj", "{790D11E5-EB41-4FC2-B1A2-F52C850D7C3F}"
EndProject
Project("{9A19103F-16F7-4668-BE54-9A1E7A4F7556}") = "Library.MAP", "Library.MAP\Library.MAP.csproj", "{6E5AEA3A-20EB-447A-9482-52DD1BDE9136}"
EndProject
Project("{9A19103F-16F7-4668-BE54-9A1E7A4F7556}") = "Library.MODEL", "Library.MODEL\Library.MODEL.csproj", "{9DB0332F-901B-4CBF-9025-B877E3FDC4D1}"
EndProject
Project("{FAE04EC0-301F-11D3-BF4B-00C04F79EFBC}") = "Library.UI", "Library.UI\Library.UI.csproj", "{9C93FE20-F9CA-439E-9FA5-01CA169EDBA7}"
EndProject
Global
	GlobalSection(SolutionConfigurationPlatforms) = preSolution
		Debug|Any CPU = Debug|Any CPU
		Release|Any CPU = Release|Any CPU
	EndGlobalSection
	GlobalSection(ProjectConfigurationPlatforms) = postSolution
		{298D17A2-5B30-4961-BAC0-5C42D7CE9822}.Debug|Any CPU.ActiveCfg = Debug|Any CPU
		{298D17A2-5B30-4961-BAC0-5C42D7CE9822}.Debug|Any CPU.Build.0 = Debug|Any CPU
		{298D17A2-5B30-4961-BAC0-5C42D7CE9822}.Release|Any CPU.ActiveCfg = Release|Any CPU
		{298D17A2-5B30-4961-BAC0-5C42D7CE9822}.Release|Any CPU.Build.0 = Release|Any CPU
		{790D11E5-EB41-4FC2-B1A2-F52C850D7C3F}.Debug|Any CPU.ActiveCfg = Debug|Any CPU
		{790D11E5-EB41-4FC2-B1A2-F52C850D7C3F}.Debug|Any CPU.Build.0 = Debug|Any CPU
		{790D11E5-EB41-4FC2-B1A2-F52C850D7C3F}.Release|Any CPU.ActiveCfg = Release|Any CPU
		{790D11E5-EB41-4FC2-B1A2-F52C850D7C3F}.Release|Any CPU.Build.0 = Release|Any CPU
		{6E5AEA3A-20EB-447A-9482-52DD1BDE9136}.Debug|Any CPU.ActiveCfg = Debug|Any CPU
		{6E5AEA3A-20EB-447A-9482-52DD1BDE9136}.Debug|Any CPU.Build.0 = Debug|Any CPU
		{6E5AEA3A-20EB-447A-9482-52DD1BDE9136}.Release|Any CPU.ActiveCfg = Release|Any CPU
		{6E5AEA3A-20EB-447A-9482-52DD1BDE9136}.Release|Any CPU.Build.0 = Release|Any CPU
		{9DB0332F-901B-4CBF-9025-B877E3FDC4D1}.Debug|Any CPU.ActiveCfg = Debug|Any CPU
		{9DB0332F-901B-4CBF-9025-B877E3FDC4D1}.Debug|Any CPU.Build.0 = Debug|Any CPU
		{9DB0332F-901B-4CBF-9025-B877E3FDC4D1}.Release|Any CPU.ActiveCfg = Release|Any CPU
		{9DB0332F-901B-4CBF-9025-B877E3FDC4D1}.Release|Any CPU.Build.0 = Release|Any CPU
		{9C93FE20-F9CA-439E-9FA5-01CA169EDBA7}.Debug|Any CPU.ActiveCfg = Debug|Any CPU
		{9C93FE20-F9CA-439E-9FA5-01CA169EDBA7}.Debug|Any CPU.Build.0 = Debug|Any CPU
		{9C93FE20-F9CA-439E-9FA5-01CA169EDBA7}.Release|Any CPU.ActiveCfg = Release|Any CPU
		{9C93FE20-F9CA-439E-9FA5-01CA169EDBA7}.Release|Any CPU.Build.0 = Release|Any CPU
	EndGlobalSection
	GlobalSection(SolutionProperties) = preSolution
		HideSolutionNode = FALSE
	EndGlobalSection
	GlobalSection(ExtensibilityGlobals) = postSolution
		SolutionGuid = {BED4C847-0FFD-4203-B2AA-F48E9E659BD0}
	EndGlobalSection
EndGlobal
